{
  "name": "anniversary-cat-worker",
  "version": "1.0.0",
  "lockfileVersion": 3,
  "requires": true,
  "packages": {
    "": {
      "name": "anniversary-cat-worker",
      "version": "1.0.0",
      "license": "ISC",
      "dependencies": {
        "@silvia-odwyer/photon": "^0.3.3"
      }
    },
    "node_modules/@silvia-odwyer/photon": {
      "version": "0.3.3",
      "resolved": "https://registry.npmjs.org/@silvia-odwyer/photon/-/photon-0.3.3.tgz",
      "integrity": "sha512-8BhUjEch4slwRe8uXnaA4vcA5uiiOTT90UMsxulOj2gN98X1p0q9Z4Ysk4DkD05uNgbR9XoSqtZ37w+33w4QKQ==",
      "license": "Apache-2.0"
    }
  }
}
